<?xml version="1.0" encoding="utf-8"?>
<Project ToolsVersion="4.0" xmlns="http://schemas.microsoft.com/developer/msbuild/2003">
  <ItemGroup>
    <Filter Include="Source Files">
      <UniqueIdentifier>{4FC737F1-C7A5-4376-A066-2A32D752A2FF}</UniqueIdentifier>
      <Extensions>cpp;c;cc;cxx;def;odl;idl;hpj;bat;asm;asmx</Extensions>
    </Filter>
    <Filter Include="Header Files">
      <UniqueIdentifier>{93995380-89BD-4b04-88EB-625FBE52EBFB}</UniqueIdentifier>
      <Extensions>h;hh;hpp;hxx;hm;inl;inc;ipp;xsd</Extensions>
    </Filter>
    <Filter Include="Resource Files">
      <UniqueIdentifier>{67DA6AB6-F800-4c08-8B7A-83BB121AAD01}</UniqueIdentifier>
      <Extensions>rc;ico;cur;bmp;dlg;rc2;rct;bin;rgs;gif;jpg;jpeg;jpe;resx;tiff;tif;png;wav;mfcribbon-ms</Extensions>
    </Filter>
    <Filter Include="Header Files\Microsoft">
      <UniqueIdentifier>{44ff47fe-c1c8-49b2-bcf6-541a8d799fb7}</UniqueIdentifier>
    </Filter>
    <Filter Include="Source Files\Microsoft">
      <UniqueIdentifier>{5c44af1d-b219-4a92-94d1-8d51fc230c5e}</UniqueIdentifier>
    </Filter>
    <Filter Include="Source Files\Windows">
      <UniqueIdentifier>{6227c5ee-4a2a-4d3e-8cdf-6336d8227572}</UniqueIdentifier>
    </Filter>
    <Filter Include="Header Files\Windows">
      <UniqueIdentifier>{295bd4a1-f07a-40f8-8f5f-3fd7b6d354db}</UniqueIdentifier>
    </Filter>
  </ItemGroup>
  <ItemGroup>
    <ClInclude Include="DirectX_11_Utils\dxApplication.h">
      <Filter>Header Files</Filter>
    </ClInclude>
    <ClInclude Include="DirectX_11_Utils\dxDevice.h">
      <Filter>Header Files</Filter>
    </ClInclude>
    <ClInclude Include="DirectX_11_Utils\dxptr.h">
      <Filter>Header Files</Filter>
    </ClInclude>
    <ClInclude Include="DirectX_11_Utils\dxstructures.h">
      <Filter>Header Files</Filter>
    </ClInclude>
    <ClInclude Include="DirectX_11_Utils\dxSwapChain.h">
      <Filter>Header Files</Filter>
    </ClInclude>
    <ClInclude Include="DirectX_11_Utils\exceptions.h">
      <Filter>Header Files</Filter>
    </ClInclude>
    <ClInclude Include="DirectX_11_Utils\mesh.h">
      <Filter>Header Files</Filter>
    </ClInclude>
    <ClInclude Include="DirectX_11_Utils\vertexDef.h">
      <Filter>Header Files</Filter>
    </ClInclude>
    <ClInclude Include="DirectX_11_Utils\Microsoft\DDSTextureLoader.h">
      <Filter>Header Files\Microsoft</Filter>
    </ClInclude>
    <ClInclude Include="DirectX_11_Utils\Microsoft\WICTextureLoader.h">
      <Filter>Header Files\Microsoft</Filter>
    </ClInclude>
    <ClInclude Include="DirectX_11_Utils\Windows\window.h">
      <Filter>Header Files\Windows</Filter>
    </ClInclude>
    <ClInclude Include="DirectX_11_Utils\Windows\windowApplication.h">
      <Filter>Header Files\Windows</Filter>
    </ClInclude>
    <ClInclude Include="DirectX_11_Utils\effect.h">
      <Filter>Header Files</Filter>
    </ClInclude>
    <ClInclude Include="DirectX_11_Utils\timer.h">
      <Filter>Header Files</Filter>
    </ClInclude>
    <ClInclude Include="DirectX_11_Utils\Microsoft\d3dx11Effect.h">
      <Filter>Header Files\Microsoft</Filter>
    </ClInclude>
    <ClInclude Include="DirectX_11_Utils\dxArray.h">
      <Filter>Header Files</Filter>
    </ClInclude>
    <ClInclude Include="DirectX_11_Utils\ptr_vector.h">
      <Filter>Header Files</Filter>
    </ClInclude>
    <ClInclude Include="DirectX_11_Utils\compressed_pair.h">
      <Filter>Header Files</Filter>
    </ClInclude>
    <ClInclude Include="DirectX_11_Utils\MeshGenerator.h">
      <Filter>Header Files</Filter>
    </ClInclude>
    <ClInclude Include="DirectX_11_Utils\Camera.h">
      <Filter>Header Files</Filter>
    </ClInclude>
  </ItemGroup>
  <ItemGroup>
    <ClCompile Include="DirectX_11_Utils\dxApplication.cpp">
      <Filter>Source Files</Filter>
    </ClCompile>
    <ClCompile Include="DirectX_11_Utils\dxDevice.cpp">
      <Filter>Source Files</Filter>
    </ClCompile>
    <ClCompile Include="DirectX_11_Utils\dxstructures.cpp">
      <Filter>Source Files</Filter>
    </ClCompile>
    <ClCompile Include="DirectX_11_Utils\dxSwapChain.cpp">
      <Filter>Source Files</Filter>
    </ClCompile>
    <ClCompile Include="DirectX_11_Utils\exceptions.cpp">
      <Filter>Source Files</Filter>
    </ClCompile>
    <ClCompile Include="DirectX_11_Utils\mesh.cpp">
      <Filter>Source Files</Filter>
    </ClCompile>
    <ClCompile Include="DirectX_11_Utils\vertexDef.cpp">
      <Filter>Source Files</Filter>
    </ClCompile>
    <ClCompile Include="DirectX_11_Utils\Microsoft\DDSTextureLoader.cpp">
      <Filter>Source Files\Microsoft</Filter>
    </ClCompile>
    <ClCompile Include="DirectX_11_Utils\Microsoft\WICTextureLoader.cpp">
      <Filter>Source Files\Microsoft</Filter>
    </ClCompile>
    <ClCompile Include="DirectX_11_Utils\Windows\window.cpp">
      <Filter>Source Files\Windows</Filter>
    </ClCompile>
    <ClCompile Include="DirectX_11_Utils\Windows\windowApplication.cpp">
      <Filter>Source Files\Windows</Filter>
    </ClCompile>
    <ClCompile Include="DirectX_11_Utils\effect.cpp">
      <Filter>Source Files</Filter>
    </ClCompile>
    <ClCompile Include="DirectX_11_Utils\timer.cpp">
      <Filter>Source Files</Filter>
    </ClCompile>
    <ClCompile Include="DirectX_11_Utils\MeshGenerator.cpp">
      <Filter>Source Files</Filter>
    </ClCompile>
    <ClCompile Include="DirectX_11_Utils\Camera.cpp">
      <Filter>Source Files</Filter>
    </ClCompile>
  </ItemGroup>
</Project>